
Microsoft Visual Studio Solution File, Format Version 12.00
# Visual Studio Version 17
VisualStudioVersion = 17.5.002.0
MinimumVisualStudioVersion = 10.0.40219.1
Project("{9A19103F-16F7-4668-BE54-9A1E7A4F7556}") = "CommandService", "CommandService\CommandService.csproj", "{B7C56EF5-92F1-40B6-B0AD-A260F70B0575}"
EndProject
Project("{9A19103F-16F7-4668-BE54-9A1E7A4F7556}") = "PlatformService", "PlatformService\PlatformService.csproj", "{A32BFA23-3EDB-4A9A-9BAF-097B783D6C5E}"
EndProject
Global
	GlobalSection(SolutionConfigurationPlatforms) = preSolution
		Debug|Any CPU = Debug|Any CPU
		Release|Any CPU = Release|Any CPU
	EndGlobalSection
	GlobalSection(ProjectConfigurationPlatforms) = postSolution
		{B7C56EF5-92F1-40B6-B0AD-A260F70B0575}.Debug|Any CPU.ActiveCfg = Debug|Any CPU
		{B7C56EF5-92F1-40B6-B0AD-A260F70B0575}.Debug|Any CPU.Build.0 = Debug|Any CPU
		{B7C56EF5-92F1-40B6-B0AD-A260F70B0575}.Release|Any CPU.ActiveCfg = Release|Any CPU
		{B7C56EF5-92F1-40B6-B0AD-A260F70B0575}.Release|Any CPU.Build.0 = Release|Any CPU
		{A32BFA23-3EDB-4A9A-9BAF-097B783D6C5E}.Debug|Any CPU.ActiveCfg = Debug|Any CPU
		{A32BFA23-3EDB-4A9A-9BAF-097B783D6C5E}.Debug|Any CPU.Build.0 = Debug|Any CPU
		{A32BFA23-3EDB-4A9A-9BAF-097B783D6C5E}.Release|Any CPU.ActiveCfg = Release|Any CPU
		{A32BFA23-3EDB-4A9A-9BAF-097B783D6C5E}.Release|Any CPU.Build.0 = Release|Any CPU
	EndGlobalSection
	GlobalSection(SolutionProperties) = preSolution
		HideSolutionNode = FALSE
	EndGlobalSection
	GlobalSection(ExtensibilityGlobals) = postSolution
		SolutionGuid = {28958230-C9F8-444E-867D-4D0C395CCCB9}
	EndGlobalSection
EndGlobal
